{
  "version": "2",
  "remote": {
    "https://deno.land/std@0.192.0/_util/asserts.ts": "178dfc49a464aee693a7e285567b3d0b555dc805ff490505a8aae34f9cfb1462",
    "https://deno.land/std@0.192.0/_util/os.ts": "d932f56d41e4f6a6093d56044e29ce637f8dcc43c5a90af43504a889cf1775e3",
    "https://deno.land/std@0.192.0/async/abortable.ts": "fd682fa46f3b7b16b4606a5ab52a7ce309434b76f820d3221bdfb862719a15d7",
    "https://deno.land/std@0.192.0/async/deadline.ts": "58f72a3cc0fcb731b2cc055ba046f4b5be3349ff6bf98f2e793c3b969354aab2",
    "https://deno.land/std@0.192.0/async/debounce.ts": "adab11d04ca38d699444ac8a9d9856b4155e8dda2afd07ce78276c01ea5a4332",
    "https://deno.land/std@0.192.0/async/deferred.ts": "42790112f36a75a57db4a96d33974a936deb7b04d25c6084a9fa8a49f135def8",
    "https://deno.land/std@0.192.0/async/delay.ts": "73aa04cec034c84fc748c7be49bb15cac3dd43a57174bfdb7a4aec22c248f0dd",
    "https://deno.land/std@0.192.0/async/mod.ts": "f04344fa21738e5ad6bea37a6bfffd57c617c2d372bb9f9dcfd118a1b622e576",
    "https://deno.land/std@0.192.0/async/mux_async_iterator.ts": "70c7f2ee4e9466161350473ad61cac0b9f115cff4c552eaa7ef9d50c4cbb4cc9",
    "https://deno.land/std@0.192.0/async/pool.ts": "f1b8d3df4d7fd3c73f8cbc91cc2e8b8e950910f1eab94230b443944d7584c657",
    "https://deno.land/std@0.192.0/async/retry.ts": "6521c061a5ab24e8b1ae624bdc581c4243d1d574f99dc7f5a2a195c2241fb1b8",
    "https://deno.land/std@0.192.0/async/tee.ts": "47e42d35f622650b02234d43803d0383a89eb4387e1b83b5a40106d18ae36757",
    "https://deno.land/std@0.192.0/collections/_utils.ts": "5114abc026ddef71207a79609b984614e66a63a4bda17d819d56b0e72c51527e",
    "https://deno.land/std@0.192.0/collections/deep_merge.ts": "5a8ed29030f4471a5272785c57c3455fa79697b9a8f306013a8feae12bafc99a",
    "https://deno.land/std@0.192.0/collections/filter_values.ts": "5b9feaf17b9a6e5ffccdd36cf6f38fa4ffa94cff2602d381c2ad0c2a97929652",
    "https://deno.land/std@0.192.0/collections/sort_by.ts": "e69f2547f40f1095949d8f47f5f114aff7d0f11c248b39515365e99bc5e85744",
    "https://deno.land/std@0.192.0/collections/without_all.ts": "a89f5da0b5830defed4f59666e188df411d8fece35a5f6ca69be6ca71a95c185",
    "https://deno.land/std@0.192.0/dotenv/mod.ts": "f5a8123741d1561ae8184a7f043bc097b15132c5171c651142b804b6dbc21853",
    "https://deno.land/std@0.192.0/encoding/base64.ts": "144ae6234c1fbe5b68666c711dc15b1e9ee2aef6d42b3b4345bf9a6c91d70d0d",
    "https://deno.land/std@0.192.0/flags/mod.ts": "17f444ddbee43c5487568de0c6a076c7729cfe90d96d2ffcd2b8f8adadafb6e8",
    "https://deno.land/std@0.192.0/fmt/bytes.ts": "f29cf69e0791d375f9f5d94ae1f0641e5a03b975f32ddf86d70f70fdf37e7b6a",
    "https://deno.land/std@0.192.0/fmt/colors.ts": "d67e3cd9f472535241a8e410d33423980bec45047e343577554d3356e1f0ef4e",
    "https://deno.land/std@0.192.0/fs/exists.ts": "29c26bca8584a22876be7cb8844f1b6c8fc35e9af514576b78f5c6884d7ed02d",
    "https://deno.land/std@0.192.0/html/entities.ts": "1c9fa4d76e36a9bdbe370a65f1612771f3cc2cf802d217b4e633850e2fa25c16",
    "https://deno.land/std@0.192.0/http/etag.ts": "6ad8abbbb1045aabf2307959a2c5565054a8bf01c9824ddee836b1ff22706a58",
    "https://deno.land/std@0.192.0/http/file_server.ts": "2349d927be838b32a965ba435d0e8351932b79186fa582ea2d7168b6b53ba36e",
    "https://deno.land/std@0.192.0/http/http_status.ts": "8a7bcfe3ac025199ad804075385e57f63d055b2aed539d943ccc277616d6f932",
    "https://deno.land/std@0.192.0/http/method.ts": "e66c2a015cb46c21ab0bb3589aa4fca43143a506cb324ffdfd42d2edef7bc0c4",
    "https://deno.land/std@0.192.0/http/server.ts": "1b23463b5b36e4eebc495417f6af47a6f7d52e3294827a1226d2a1aab23d9d20",
    "https://deno.land/std@0.192.0/http/util.ts": "4cf044067febaa26d0830e356b0f3a5f76d701a60d7ff7a516fad7b192f4c3a7",
    "https://deno.land/std@0.192.0/media_types/_db.ts": "7606d83e31f23ce1a7968cbaee852810c2cf477903a095696cdc62eaab7ce570",
    "https://deno.land/std@0.192.0/media_types/_util.ts": "916efbd30b6148a716f110e67a4db29d6949bf4048997b754415dd7e42c52378",
    "https://deno.land/std@0.192.0/media_types/content_type.ts": "ad98a5aa2d95f5965b2796072284258710a25e520952376ed432b0937ce743bc",
    "https://deno.land/std@0.192.0/media_types/format_media_type.ts": "f5e1073c05526a6f5a516ac5c5587a1abd043bf1039c71cde1166aa4328c8baf",
    "https://deno.land/std@0.192.0/media_types/get_charset.ts": "18b88274796fda5d353806bf409eb1d2ddb3f004eb4bd311662c4cdd8ac173db",
    "https://deno.land/std@0.192.0/media_types/parse_media_type.ts": "835c4112e1357e95b4f10d7cdea5ae1801967e444f48673ff8f1cb4d32af9920",
    "https://deno.land/std@0.192.0/media_types/type_by_extension.ts": "daa801eb0f11cdf199445d0f1b656cf116d47dcf9e5b85cc1e6b4469f5ee0432",
    "https://deno.land/std@0.192.0/media_types/vendor/mime-db.v1.52.0.ts": "6925bbcae81ca37241e3f55908d0505724358cda3384eaea707773b2c7e99586",
    "https://deno.land/std@0.192.0/path/_constants.ts": "e49961f6f4f48039c0dfed3c3f93e963ca3d92791c9d478ac5b43183413136e0",
    "https://deno.land/std@0.192.0/path/_interface.ts": "6471159dfbbc357e03882c2266d21ef9afdb1e4aa771b0545e90db58a0ba314b",
    "https://deno.land/std@0.192.0/path/_util.ts": "d7abb1e0dea065f427b89156e28cdeb32b045870acdf865833ba808a73b576d0",
    "https://deno.land/std@0.192.0/path/common.ts": "ee7505ab01fd22de3963b64e46cff31f40de34f9f8de1fff6a1bd2fe79380000",
    "https://deno.land/std@0.192.0/path/glob.ts": "d479e0a695621c94d3fd7fe7abd4f9499caf32a8de13f25073451c6ef420a4e1",
    "https://deno.land/std@0.192.0/path/mod.ts": "f065032a7189404fdac3ad1a1551a9ac84751d2f25c431e101787846c86c79ef",
    "https://deno.land/std@0.192.0/path/posix.ts": "8b7c67ac338714b30c816079303d0285dd24af6b284f7ad63da5b27372a2c94d",
    "https://deno.land/std@0.192.0/path/separator.ts": "0fb679739d0d1d7bf45b68dacfb4ec7563597a902edbaf3c59b50d5bcadd93b1",
    "https://deno.land/std@0.192.0/path/win32.ts": "d186344e5583bcbf8b18af416d13d82b35a317116e6460a5a3953508c3de5bba",
    "https://deno.land/std@0.192.0/streams/byte_slice_stream.ts": "225d57263a34325d7c96cb3dafeb478eec0e6fd05cd0458d678752eadd132bb4",
    "https://deno.land/std@0.192.0/streams/readable_stream_from_iterable.ts": "cd4bb9e9bf6dbe84c213beb1f5085c326624421671473e410cfaecad15f01865",
    "https://deno.land/std@0.192.0/version.ts": "82e5401e6ada24cd7c403ea3bcd0b904e6f1aa98a4c1b8ccaa76aed50256074a",
    "https://deno.land/x/ahx_fns@v0.0.10/http/dev_server.ts": "b452054fb7b1dbca4789e9535964fd277f640b8acaa87d60b6654c207d568dbf",
    "https://deno.land/x/ahx_fns@v0.0.10/http/secure_localhost.ts": "a05dd4b493afc4b153ec68e5923d6677070d060340e78e0e7ef48ffd5f0930ee",
    "https://deno.land/x/ahx_fns@v0.0.10/http/server.ts": "2d3269dd0f8ac568bf5a0b50348cd1f7a602a3249bbdecff169a26b2e68c33cb",
    "https://deno.land/x/http_fns@v0.0.15/cascade.ts": "d78aa0aabb06632d5942a9e7a409e612d87b45af87f38efc97dec04398abffb7",
    "https://deno.land/x/http_fns@v0.0.15/fallback.ts": "18a176b849f29441af61248adf7f3f6c856435d5c0f910026122039ea3e66a32",
    "https://deno.land/x/http_fns@v0.0.15/generate.ts": "3bcf589f7ea3a25d06945037be2b52716595a104a6754fc07ff786c8669cdef8",
    "https://deno.land/x/http_fns@v0.0.15/handle.ts": "c0a56aab398b44825ac9f6399ee2a507cca3bd3292fe29db268b43a555a43211",
    "https://deno.land/x/http_fns@v0.0.15/intercept.ts": "b99767878f12ded06cdd3ac878b889714aadb391ddf0834c3a972f895ec20d17",
    "https://deno.land/x/http_fns@v0.0.15/logger.ts": "79ed24a3547d6e6af0b0e68797084d410fed025dcf8602a14f19fe8a36a318da",
    "https://deno.land/x/http_fns@v0.0.15/method.ts": "eab349bc9119a03e5ca5a2f796462e2886351a69b9e44fb9444a6b8229eb74a8",
    "https://deno.land/x/http_fns@v0.0.15/pattern.ts": "0005dbc23f889ec0ae8ff465bc7bc2c9c009d11833d12bda72467ac3fc2008d5",
    "https://deno.land/x/http_fns@v0.0.15/port.ts": "0ccefe1e6bdf9a3b5727eeb6246f39ea0ee40b0edd561f58fb1b3580f64b3380",
    "https://deno.land/x/http_fns@v0.0.15/response.ts": "604b30dd81aeada39f33a3aecb0f50ec03eeec387a9d702f8dfdaab674646203",
    "https://deno.land/x/http_fns@v0.0.15/static.ts": "24cc7effff97e914d4664fa940bcd196de3544ece91df6686f443f8388f9c23e",
    "https://deno.land/x/http_fns@v0.0.15/types.ts": "537bb2a09446765d13fe18e7d5c55c7732720089895983c312fd499f39a57800",
    "https://deno.land/x/http_fns@v0.0.15/walk.ts": "e9d6c1270735b00a21c83f475325a0f52bd3410dbdd9f754a7bd92170dd3fdf4",
    "https://deno.land/x/http_render_fns@v0.0.4/render_html.tsx": "78c21e7ded71f6cdc4d098a826cbc861d00b2a9624468a5e3bce375b7b69f329",
    "https://deno.land/x/http_render_fns@v0.0.4/response.ts": "33a033e3f0a599b9a35d0264a31bd0dd271a1e056c92f28ff8cae71b49fdc6b9",
    "https://deno.land/x/jsx_stream@v0.0.7/_internal/awaited_props.ts": "a62450284bbe9478ee3067784b70980e96cc803c61867740b6d33b213caec9dd",
    "https://deno.land/x/jsx_stream@v0.0.7/_internal/defer.ts": "a61a82f73976e1cb8c44873cc7a24ae530186da13a592a9ee7c7a4462db54f5f",
    "https://deno.land/x/jsx_stream@v0.0.7/_internal/safe_string.ts": "909fda67f6edaadc6231936ad0f18acafb114e324d6ceb9e209233227810c156",
    "https://deno.land/x/jsx_stream@v0.0.7/_internal/stream_component.ts": "4489891278404ed6de6fa0df74c665d531e38cab167c3c63e552a129a77ff5e0",
    "https://deno.land/x/jsx_stream@v0.0.7/_internal/stream_element.ts": "b588d2caac37f16b77e74025ba638bbea3a19519e075c5581f08460b53f6b586",
    "https://deno.land/x/jsx_stream@v0.0.7/_internal/stream_fragment.ts": "e08a99af4ef78a3895a901e90e84f35314db2efea0c51b7eefed0c860183b4a6",
    "https://deno.land/x/jsx_stream@v0.0.7/_internal/stream_node.ts": "192234ea5ee522ea772a616d86aae9c39e37249038e655c67c3b20984ab25bfe",
    "https://deno.land/x/jsx_stream@v0.0.7/_internal/stream_unknown.ts": "dcf4e65a48572202d52607572dd5b3f5eae4f6fddbb8b816d533c2a9b4ce1cf5",
    "https://deno.land/x/jsx_stream@v0.0.7/_internal/util.ts": "2897beef86df67ddd57a9bb2381a1d91dea01d9af87c96ed75dfc38eb6f5bb03",
    "https://deno.land/x/jsx_stream@v0.0.7/guards.ts": "a2bcecb1d17834fbe914d5084011173718b7d35a0f740bbca39c4dc1236a8d5a",
    "https://deno.land/x/jsx_stream@v0.0.7/jsx-runtime.ts": "ae0c2319474cd4359eb1788fe296502d18f137d385421114c2003844c9ed0b2d",
    "https://deno.land/x/jsx_stream@v0.0.7/serialize.ts": "62f9141f6213c122d46786ff86f26655efa355e902c05f67e729129ea5ae93b5",
    "https://deno.land/x/jsx_stream@v0.0.7/types.ts": "f4224f7301abd98b2399e2656697f9200e3a09c333c8a4a1ad6b5b5021d79438"
  }
}
